// !$*UTF8*$!
{
	archiveVersion = 1;
	classes = {
	};
	objectVersion = 55;
	objects = {

/* Begin PBXBuildFile section */
		DE7738C7280D9E7400D48E46 /* AppDelegate.swift in Sources */ = {isa = PBXBuildFile; fileRef = DE7738C6280D9E7400D48E46 /* AppDelegate.swift */; };
		DE7738C9280D9E7400D48E46 /* SceneDelegate.swift in Sources */ = {isa = PBXBuildFile; fileRef = DE7738C8280D9E7400D48E46 /* SceneDelegate.swift */; };
		DE7738CB280D9E7400D48E46 /* ViewController.swift in Sources */ = {isa = PBXBuildFile; fileRef = DE7738CA280D9E7400D48E46 /* ViewController.swift */; };
		DE7738CE280D9E7400D48E46 /* Main.storyboard in Resources */ = {isa = PBXBuildFile; fileRef = DE7738CC280D9E7400D48E46 /* Main.storyboard */; };
		DE7738D1280D9E7400D48E46 /* Contacts_App_With_CoreData.xcdatamodeld in Sources */ = {isa = PBXBuildFile; fileRef = DE7738CF280D9E7400D48E46 /* Contacts_App_With_CoreData.xcdatamodeld */; };
		DE7738D3280D9E7600D48E46 /* Assets.xcassets in Resources */ = {isa = PBXBuildFile; fileRef = DE7738D2280D9E7600D48E46 /* Assets.xcassets */; };
		DE7738D6280D9E7600D48E46 /* LaunchScreen.storyboard in Resources */ = {isa = PBXBuildFile; fileRef = DE7738D4280D9E7600D48E46 /* LaunchScreen.storyboard */; };
		DE7738E1280D9E7600D48E46 /* Contacts_App_With_CoreDataTests.swift in Sources */ = {isa = PBXBuildFile; fileRef = DE7738E0280D9E7600D48E46 /* Contacts_App_With_CoreDataTests.swift */; };
		DE7738EB280D9E7600D48E46 /* Contacts_App_With_CoreDataUITests.swift in Sources */ = {isa = PBXBuildFile; fileRef = DE7738EA280D9E7600D48E46 /* Contacts_App_With_CoreDataUITests.swift */; };
		DE7738ED280D9E7700D48E46 /* Contacts_App_With_CoreDataUITestsLaunchTests.swift in Sources */ = {isa = PBXBuildFile; fileRef = DE7738EC280D9E7700D48E46 /* Contacts_App_With_CoreDataUITestsLaunchTests.swift */; };
/* End PBXBuildFile section */

/* Begin PBXContainerItemProxy section */
		DE7738DD280D9E7600D48E46 /* PBXContainerItemProxy */ = {
			isa = PBXContainerItemProxy;
			containerPortal = DE7738BB280D9E7400D48E46 /* Project object */;
			proxyType = 1;
			remoteGlobalIDString = DE7738C2280D9E7400D48E46;
			remoteInfo = "Contacts-App With CoreData";
		};
		DE7738E7280D9E7600D48E46 /* PBXContainerItemProxy */ = {
			isa = PBXContainerItemProxy;
			containerPortal = DE7738BB280D9E7400D48E46 /* Project object */;
			proxyType = 1;
			remoteGlobalIDString = DE7738C2280D9E7400D48E46;
			remoteInfo = "Contacts-App With CoreData";
		};
/* End PBXContainerItemProxy section */

/* Begin PBXFileReference section */
		DE7738C3280D9E7400D48E46 /* Contacts-App With CoreData.app */ = {isa = PBXFileReference; explicitFileType = wrapper.application; includeInIndex = 0; path = "Contacts-App With CoreData.app"; sourceTree = BUILT_PRODUCTS_DIR; };
		DE7738C6280D9E7400D48E46 /* AppDelegate.swift */ = {isa = PBXFileReference; lastKnownFileType = sourcecode.swift; path = AppDelegate.swift; sourceTree = "<group>"; };
		DE7738C8280D9E7400D48E46 /* SceneDelegate.swift */ = {isa = PBXFileReference; lastKnownFileType = sourcecode.swift; path = SceneDelegate.swift; sourceTree = "<group>"; };
		DE7738CA280D9E7400D48E46 /* ViewController.swift */ = {isa = PBXFileReference; lastKnownFileType = sourcecode.swift; path = ViewController.swift; sourceTree = "<group>"; };
		DE7738CD280D9E7400D48E46 /* Base */ = {isa = PBXFileReference; lastKnownFileType = file.storyboard; name = Base; path = Base.lproj/Main.storyboard; sourceTree = "<group>"; };
		DE7738D0280D9E7400D48E46 /* Contacts_App_With_CoreData.xcdatamodel */ = {isa = PBXFileReference; lastKnownFileType = wrapper.xcdatamodel; path = Contacts_App_With_CoreData.xcdatamodel; sourceTree = "<group>"; };
		DE7738D2280D9E7600D48E46 /* Assets.xcassets */ = {isa = PBXFileReference; lastKnownFileType = folder.assetcatalog; path = Assets.xcassets; sourceTree = "<group>"; };
		DE7738D5280D9E7600D48E46 /* Base */ = {isa = PBXFileReference; lastKnownFileType = file.storyboard; name = Base; path = Base.lproj/LaunchScreen.storyboard; sourceTree = "<group>"; };
		DE7738D7280D9E7600D48E46 /* Info.plist */ = {isa = PBXFileReference; lastKnownFileType = text.plist.xml; path = Info.plist; sourceTree = "<group>"; };
		DE7738DC280D9E7600D48E46 /* Contacts-App With CoreDataTests.xctest */ = {isa = PBXFileReference; explicitFileType = wrapper.cfbundle; includeInIndex = 0; path = "Contacts-App With CoreDataTests.xctest"; sourceTree = BUILT_PRODUCTS_DIR; };
		DE7738E0280D9E7600D48E46 /* Contacts_App_With_CoreDataTests.swift */ = {isa = PBXFileReference; lastKnownFileType = sourcecode.swift; path = Contacts_App_With_CoreDataTests.swift; sourceTree = "<group>"; };
		DE7738E6280D9E7600D48E46 /* Contacts-App With CoreDataUITests.xctest */ = {isa = PBXFileReference; explicitFileType = wrapper.cfbundle; includeInIndex = 0; path = "Contacts-App With CoreDataUITests.xctest"; sourceTree = BUILT_PRODUCTS_DIR; };
		DE7738EA280D9E7600D48E46 /* Contacts_App_With_CoreDataUITests.swift */ = {isa = PBXFileReference; lastKnownFileType = sourcecode.swift; path = Contacts_App_With_CoreDataUITests.swift; sourceTree = "<group>"; };
		DE7738EC280D9E7700D48E46 /* Contacts_App_With_CoreDataUITestsLaunchTests.swift */ = {isa = PBXFileReference; lastKnownFileType = sourcecode.swift; path = Contacts_App_With_CoreDataUITestsLaunchTests.swift; sourceTree = "<group>"; };
/* End PBXFileReference section */

/* Begin PBXFrameworksBuildPhase section */
		DE7738C0280D9E7400D48E46 /* Frameworks */ = {
			isa = PBXFrameworksBuildPhase;
			buildActionMask = 2147483647;
			files = (
			);
			runOnlyForDeploymentPostprocessing = 0;
		};
		DE7738D9280D9E7600D48E46 /* Frameworks */ = {
			isa = PBXFrameworksBuildPhase;
			buildActionMask = 2147483647;
			files = (
			);
			runOnlyForDeploymentPostprocessing = 0;
		};
		DE7738E3280D9E7600D48E46 /* Frameworks */ = {
			isa = PBXFrameworksBuildPhase;
			buildActionMask = 2147483647;
			files = (
			);
			runOnlyForDeploymentPostprocessing = 0;
		};
/* End PBXFrameworksBuildPhase section */

/* Begin PBXGroup section */
		DE7738BA280D9E7400D48E46 = {
			isa = PBXGroup;
			children = (
				DE7738C5280D9E7400D48E46 /* Contacts-App With CoreData */,
				DE7738DF280D9E7600D48E46 /* Contacts-App With CoreDataTests */,
				DE7738E9280D9E7600D48E46 /* Contacts-App With CoreDataUITests */,
				DE7738C4280D9E7400D48E46 /* Products */,
			);
			sourceTree = "<group>";
		};
		DE7738C4280D9E7400D48E46 /* Products */ = {
			isa = PBXGroup;
			children = (
				DE7738C3280D9E7400D48E46 /* Contacts-App With CoreData.app */,
				DE7738DC280D9E7600D48E46 /* Contacts-App With CoreDataTests.xctest */,
				DE7738E6280D9E7600D48E46 /* Contacts-App With CoreDataUITests.xctest */,
			);
			name = Products;
			sourceTree = "<group>";
		};
		DE7738C5280D9E7400D48E46 /* Contacts-App With CoreData */ = {
			isa = PBXGroup;
			children = (
				DE7738C6280D9E7400D48E46 /* AppDelegate.swift */,
				DE7738C8280D9E7400D48E46 /* SceneDelegate.swift */,
				DE7738CA280D9E7400D48E46 /* ViewController.swift */,
				DE7738CC280D9E7400D48E46 /* Main.storyboard */,
				DE7738D2280D9E7600D48E46 /* Assets.xcassets */,
				DE7738D4280D9E7600D48E46 /* LaunchScreen.storyboard */,
				DE7738D7280D9E7600D48E46 /* Info.plist */,
				DE7738CF280D9E7400D48E46 /* Contacts_App_With_CoreData.xcdatamodeld */,
			);
			path = "Contacts-App With CoreData";
			sourceTree = "<group>";
		};
		DE7738DF280D9E7600D48E46 /* Contacts-App With CoreDataTests */ = {
			isa = PBXGroup;
			children = (
				DE7738E0280D9E7600D48E46 /* Contacts_App_With_CoreDataTests.swift */,
			);
			path = "Contacts-App With CoreDataTests";
			sourceTree = "<group>";
		};
		DE7738E9280D9E7600D48E46 /* Contacts-App With CoreDataUITests */ = {
			isa = PBXGroup;
			children = (
				DE7738EA280D9E7600D48E46 /* Contacts_App_With_CoreDataUITests.swift */,
				DE7738EC280D9E7700D48E46 /* Contacts_App_With_CoreDataUITestsLaunchTests.swift */,
			);
			path = "Contacts-App With CoreDataUITests";
			sourceTree = "<group>";
		};
/* End PBXGroup section */

/* Begin PBXNativeTarget section */
		DE7738C2280D9E7400D48E46 /* Contacts-App With CoreData */ = {
			isa = PBXNativeTarget;
			buildConfigurationList = DE7738F0280D9E7700D48E46 /* Build configuration list for PBXNativeTarget "Contacts-App With CoreData" */;
			buildPhases = (
				DE7738BF280D9E7400D48E46 /* Sources */,
				DE7738C0280D9E7400D48E46 /* Frameworks */,
				DE7738C1280D9E7400D48E46 /* Resources */,
			);
			buildRules = (
			);
			dependencies = (
			);
			name = "Contacts-App With CoreData";
			productName = "Contacts-App With CoreData";
			productReference = DE7738C3280D9E7400D48E46 /* Contacts-App With CoreData.app */;
			productType = "com.apple.product-type.application";
		};
		DE7738DB280D9E7600D48E46 /* Contacts-App With CoreDataTests */ = {
			isa = PBXNativeTarget;
			buildConfigurationList = DE7738F3280D9E7700D48E46 /* Build configuration list for PBXNativeTarget "Contacts-App With CoreDataTests" */;
			buildPhases = (
				DE7738D8280D9E7600D48E46 /* Sources */,
				DE7738D9280D9E7600D48E46 /* Frameworks */,
				DE7738DA280D9E7600D48E46 /* Resources */,
			);
			buildRules = (
			);
			dependencies = (
				DE7738DE280D9E7600D48E46 /* PBXTargetDependency */,
			);
			name = "Contacts-App With CoreDataTests";
			productName = "Contacts-App With CoreDataTests";
			productReference = DE7738DC280D9E7600D48E46 /* Contacts-App With CoreDataTests.xctest */;
			productType = "com.apple.product-type.bundle.unit-test";
		};
		DE7738E5280D9E7600D48E46 /* Contacts-App With CoreDataUITests */ = {
			isa = PBXNativeTarget;
			buildConfigurationList = DE7738F6280D9E7700D48E46 /* Build configuration list for PBXNativeTarget "Contacts-App With CoreDataUITests" */;
			buildPhases = (
				DE7738E2280D9E7600D48E46 /* Sources */,
				DE7738E3280D9E7600D48E46 /* Frameworks */,
				DE7738E4280D9E7600D48E46 /* Resources */,
			);
			buildRules = (
			);
			dependencies = (
				DE7738E8280D9E7600D48E46 /* PBXTargetDependency */,
			);
			name = "Contacts-App With CoreDataUITests";
			productName = "Contacts-App With CoreDataUITests";
			productReference = DE7738E6280D9E7600D48E46 /* Contacts-App With CoreDataUITests.xctest */;
			productType = "com.apple.product-type.bundle.ui-testing";
		};
/* End PBXNativeTarget section */

/* Begin PBXProject section */
		DE7738BB280D9E7400D48E46 /* Project object */ = {
			isa = PBXProject;
			attributes = {
				BuildIndependentTargetsInParallel = 1;
				LastSwiftUpdateCheck = 1320;
				LastUpgradeCheck = 1320;
				TargetAttributes = {
					DE7738C2280D9E7400D48E46 = {
						CreatedOnToolsVersion = 13.2.1;
					};
					DE7738DB280D9E7600D48E46 = {
						CreatedOnToolsVersion = 13.2.1;
						TestTargetID = DE7738C2280D9E7400D48E46;
					};
					DE7738E5280D9E7600D48E46 = {
						CreatedOnToolsVersion = 13.2.1;
						TestTargetID = DE7738C2280D9E7400D48E46;
					};
				};
			};
			buildConfigurationList = DE7738BE280D9E7400D48E46 /* Build configuration list for PBXProject "Contacts-App With CoreData" */;
			compatibilityVersion = "Xcode 13.0";
			developmentRegion = en;
			hasScannedForEncodings = 0;
			knownRegions = (
				en,
				Base,
			);
			mainGroup = DE7738BA280D9E7400D48E46;
			productRefGroup = DE7738C4280D9E7400D48E46 /* Products */;
			projectDirPath = "";
			projectRoot = "";
			targets = (
				DE7738C2280D9E7400D48E46 /* Contacts-App With CoreData */,
				DE7738DB280D9E7600D48E46 /* Contacts-App With CoreDataTests */,
				DE7738E5280D9E7600D48E46 /* Contacts-App With CoreDataUITests */,
			);
		};
/* End PBXProject section */

/* Begin PBXResourcesBuildPhase section */
		DE7738C1280D9E7400D48E46 /* Resources */ = {
			isa = PBXResourcesBuildPhase;
			buildActionMask = 2147483647;
			files = (
				DE7738D6280D9E7600D48E46 /* LaunchScreen.storyboard in Resources */,
				DE7738D3280D9E7600D48E46 /* Assets.xcassets in Resources */,
				DE7738CE280D9E7400D48E46 /* Main.storyboard in Resources */,
			);
			runOnlyForDeploymentPostprocessing = 0;
		};
		DE7738DA280D9E7600D48E46 /* Resources */ = {
			isa = PBXResourcesBuildPhase;
			buildActionMask = 2147483647;
			files = (
			);
			runOnlyForDeploymentPostprocessing = 0;
		};
		DE7738E4280D9E7600D48E46 /* Resources */ = {
			isa = PBXResourcesBuildPhase;
			buildActionMask = 2147483647;
			files = (
			);
			runOnlyForDeploymentPostprocessing = 0;
		};
/* End PBXResourcesBuildPhase section */

/* Begin PBXSourcesBuildPhase section */
		DE7738BF280D9E7400D48E46 /* Sources */ = {
			isa = PBXSourcesBuildPhase;
			buildActionMask = 2147483647;
			files = (
				DE7738CB280D9E7400D48E46 /* ViewController.swift in Sources */,
				DE7738C7280D9E7400D48E46 /* AppDelegate.swift in Sources */,
				DE7738C9280D9E7400D48E46 /* SceneDelegate.swift in Sources */,
				DE7738D1280D9E7400D48E46 /* Contacts_App_With_CoreData.xcdatamodeld in Sources */,
			);
			runOnlyForDeploymentPostprocessing = 0;
		};
		DE7738D8280D9E7600D48E46 /* Sources */ = {
			isa = PBXSourcesBuildPhase;
			buildActionMask = 2147483647;
			files = (
				DE7738E1280D9E7600D48E46 /* Contacts_App_With_CoreDataTests.swift in Sources */,
			);
			runOnlyForDeploymentPostprocessing = 0;
		};
		DE7738E2280D9E7600D48E46 /* Sources */ = {
			isa = PBXSourcesBuildPhase;
			buildActionMask = 2147483647;
			files = (
				DE7738ED280D9E7700D48E46 /* Contacts_App_With_CoreDataUITestsLaunchTests.swift in Sources */,
				DE7738EB280D9E7600D48E46 /* Contacts_App_With_CoreDataUITests.swift in Sources */,
			);
			runOnlyForDeploymentPostprocessing = 0;
		};
/* End PBXSourcesBuildPhase section */

/* Begin PBXTargetDependency section */
		DE7738DE280D9E7600D48E46 /* PBXTargetDependency */ = {
			isa = PBXTargetDependency;
			target = DE7738C2280D9E7400D48E46 /* Contacts-App With CoreData */;
			targetProxy = DE7738DD280D9E7600D48E46 /* PBXContainerItemProxy */;
		};
		DE7738E8280D9E7600D48E46 /* PBXTargetDependency */ = {
			isa = PBXTargetDependency;
			target = DE7738C2280D9E7400D48E46 /* Contacts-App With CoreData */;
			targetProxy = DE7738E7280D9E7600D48E46 /* PBXContainerItemProxy */;
		};
/* End PBXTargetDependency section */

/* Begin PBXVariantGroup section */
		DE7738CC280D9E7400D48E46 /* Main.storyboard */ = {
			isa = PBXVariantGroup;
			children = (
				DE7738CD280D9E7400D48E46 /* Base */,
			);
			name = Main.storyboard;
			sourceTree = "<group>";
		};
		DE7738D4280D9E7600D48E46 /* LaunchScreen.storyboard */ = {
			isa = PBXVariantGroup;
			children = (
				DE7738D5280D9E7600D48E46 /* Base */,
			);
			name = LaunchScreen.storyboard;
			sourceTree = "<group>";
		};
/* End PBXVariantGroup section */

/* Begin XCBuildConfiguration section */
		DE7738EE280D9E7700D48E46 /* Debug */ = {
			isa = XCBuildConfiguration;
			buildSettings = {
				ALWAYS_SEARCH_USER_PATHS = NO;
				CLANG_ANALYZER_NONNULL = YES;
				CLANG_ANALYZER_NUMBER_OBJECT_CONVERSION = YES_AGGRESSIVE;
				CLANG_CXX_LANGUAGE_STANDARD = "gnu++17";
				CLANG_CXX_LIBRARY = "libc++";
				CLANG_ENABLE_MODULES = YES;
				CLANG_ENABLE_OBJC_ARC = YES;
				CLANG_ENABLE_OBJC_WEAK = YES;
				CLANG_WARN_BLOCK_CAPTURE_AUTORELEASING = YES;
				CLANG_WARN_BOOL_CONVERSION = YES;
				CLANG_WARN_COMMA = YES;
				CLANG_WARN_CONSTANT_CONVERSION = YES;
				CLANG_WARN_DEPRECATED_OBJC_IMPLEMENTATIONS = YES;
				CLANG_WARN_DIRECT_OBJC_ISA_USAGE = YES_ERROR;
				CLANG_WARN_DOCUMENTATION_COMMENTS = YES;
				CLANG_WARN_EMPTY_BODY = YES;
				CLANG_WARN_ENUM_CONVERSION = YES;
				CLANG_WARN_INFINITE_RECURSION = YES;
				CLANG_WARN_INT_CONVERSION = YES;
				CLANG_WARN_NON_LITERAL_NULL_CONVERSION = YES;
				CLANG_WARN_OBJC_IMPLICIT_RETAIN_SELF = YES;
				CLANG_WARN_OBJC_LITERAL_CONVERSION = YES;
				CLANG_WARN_OBJC_ROOT_CLASS = YES_ERROR;
				CLANG_WARN_QUOTED_INCLUDE_IN_FRAMEWORK_HEADER = YES;
				CLANG_WARN_RANGE_LOOP_ANALYSIS = YES;
				CLANG_WARN_STRICT_PROTOTYPES = YES;
				CLANG_WARN_SUSPICIOUS_MOVE = YES;
				CLANG_WARN_UNGUARDED_AVAILABILITY = YES_AGGRESSIVE;
				CLANG_WARN_UNREACHABLE_CODE = YES;
				CLANG_WARN__DUPLICATE_METHOD_MATCH = YES;
				COPY_PHASE_STRIP = NO;
				DEBUG_INFORMATION_FORMAT = dwarf;
				ENABLE_STRICT_OBJC_MSGSEND = YES;
				ENABLE_TESTABILITY = YES;
				GCC_C_LANGUAGE_STANDARD = gnu11;
				GCC_DYNAMIC_NO_PIC = NO;
				GCC_NO_COMMON_BLOCKS = YES;
				GCC_OPTIMIZATION_LEVEL = 0;
				GCC_PREPROCESSOR_DEFINITIONS = (
					"DEBUG=1",
					"$(inherited)",
				);
				GCC_WARN_64_TO_32_BIT_CONVERSION = YES;
				GCC_WARN_ABOUT_RETURN_TYPE = YES_ERROR;
				GCC_WARN_UNDECLARED_SELECTOR = YES;
				GCC_WARN_UNINITIALIZED_AUTOS = YES_AGGRESSIVE;
				GCC_WARN_UNUSED_FUNCTION = YES;
				GCC_WARN_UNUSED_VARIABLE = YES;
				IPHONEOS_DEPLOYMENT_TARGET = 15.2;
				MTL_ENABLE_DEBUG_INFO = INCLUDE_SOURCE;
				MTL_FAST_MATH = YES;
				ONLY_ACTIVE_ARCH = YES;
				SDKROOT = iphoneos;
				SWIFT_ACTIVE_COMPILATION_CONDITIONS = DEBUG;
				SWIFT_OPTIMIZATION_LEVEL = "-Onone";
			};
			name = Debug;
		};
		DE7738EF280D9E7700D48E46 /* Release */ = {
			isa = XCBuildConfiguration;
			buildSettings = {
				ALWAYS_SEARCH_USER_PATHS = NO;
				CLANG_ANALYZER_NONNULL = YES;
				CLANG_ANALYZER_NUMBER_OBJECT_CONVERSION = YES_AGGRESSIVE;
				CLANG_CXX_LANGUAGE_STANDARD = "gnu++17";
				CLANG_CXX_LIBRARY = "libc++";
				CLANG_ENABLE_MODULES = YES;
				CLANG_ENABLE_OBJC_ARC = YES;
				CLANG_ENABLE_OBJC_WEAK = YES;
				CLANG_WARN_BLOCK_CAPTURE_AUTORELEASING = YES;
				CLANG_WARN_BOOL_CONVERSION = YES;
				CLANG_WARN_COMMA = YES;
				CLANG_WARN_CONSTANT_CONVERSION = YES;
				CLANG_WARN_DEPRECATED_OBJC_IMPLEMENTATIONS = YES;
				CLANG_WARN_DIRECT_OBJC_ISA_USAGE = YES_ERROR;
				CLANG_WARN_DOCUMENTATION_COMMENTS = YES;
				CLANG_WARN_EMPTY_BODY = YES;
				CLANG_WARN_ENUM_CONVERSION = YES;
				CLANG_WARN_INFINITE_RECURSION = YES;
				CLANG_WARN_INT_CONVERSION = YES;
				CLANG_WARN_NON_LITERAL_NULL_CONVERSION = YES;
				CLANG_WARN_OBJC_IMPLICIT_RETAIN_SELF = YES;
				CLANG_WARN_OBJC_LITERAL_CONVERSION = YES;
				CLANG_WARN_OBJC_ROOT_CLASS = YES_ERROR;
				CLANG_WARN_QUOTED_INCLUDE_IN_FRAMEWORK_HEADER = YES;
				CLANG_WARN_RANGE_LOOP_ANALYSIS = YES;
				CLANG_WARN_STRICT_PROTOTYPES = YES;
				CLANG_WARN_SUSPICIOUS_MOVE = YES;
				CLANG_WARN_UNGUARDED_AVAILABILITY = YES_AGGRESSIVE;
				CLANG_WARN_UNREACHABLE_CODE = YES;
				CLANG_WARN__DUPLICATE_METHOD_MATCH = YES;
				COPY_PHASE_STRIP = NO;
				DEBUG_INFORMATION_FORMAT = "dwarf-with-dsym";
				ENABLE_NS_ASSERTIONS = NO;
				ENABLE_STRICT_OBJC_MSGSEND = YES;
				GCC_C_LANGUAGE_STANDARD = gnu11;
				GCC_NO_COMMON_BLOCKS = YES;
				GCC_WARN_64_TO_32_BIT_CONVERSION = YES;
				GCC_WARN_ABOUT_RETURN_TYPE = YES_ERROR;
				GCC_WARN_UNDECLARED_SELECTOR = YES;
				GCC_WARN_UNINITIALIZED_AUTOS = YES_AGGRESSIVE;
				GCC_WARN_UNUSED_FUNCTION = YES;
				GCC_WARN_UNUSED_VARIABLE = YES;
				IPHONEOS_DEPLOYMENT_TARGET = 15.2;
				MTL_ENABLE_DEBUG_INFO = NO;
				MTL_FAST_MATH = YES;
				SDKROOT = iphoneos;
				SWIFT_COMPILATION_MODE = wholemodule;
				SWIFT_OPTIMIZATION_LEVEL = "-O";
				VALIDATE_PRODUCT = YES;
			};
			name = Release;
		};
		DE7738F1280D9E7700D48E46 /* Debug */ = {
			isa = XCBuildConfiguration;
			buildSettings = {
				ASSETCATALOG_COMPILER_APPICON_NAME = AppIcon;
				ASSETCATALOG_COMPILER_GLOBAL_ACCENT_COLOR_NAME = AccentColor;
				CODE_SIGN_STYLE = Automatic;
				CURRENT_PROJECT_VERSION = 1;
				DEVELOPMENT_TEAM = 7CRNJ953YN;
				GENERATE_INFOPLIST_FILE = YES;
				INFOPLIST_FILE = "Contacts-App With CoreData/Info.plist";
				INFOPLIST_KEY_UIApplicationSupportsIndirectInputEvents = YES;
				INFOPLIST_KEY_UILaunchStoryboardName = LaunchScreen;
				INFOPLIST_KEY_UIMainStoryboardFile = Main;
				INFOPLIST_KEY_UISupportedInterfaceOrientations_iPad = "UIInterfaceOrientationPortrait UIInterfaceOrientationPortraitUpsideDown UIInterfaceOrientationLandscapeLeft UIInterfaceOrientationLandscapeRight";
				INFOPLIST_KEY_UISupportedInterfaceOrientations_iPhone = "UIInterfaceOrientationPortrait UIInterfaceOrientationLandscapeLeft UIInterfaceOrientationLandscapeRight";
				LD_RUNPATH_SEARCH_PATHS = (
					"$(inherited)",
					"@executable_path/Frameworks",
				);
				MARKETING_VERSION = 1.0;
				PRODUCT_BUNDLE_IDENTIFIER = "com.omerKilicaslan.Contacts-App-With-CoreData";
				PRODUCT_NAME = "$(TARGET_NAME)";
				SWIFT_EMIT_LOC_STRINGS = YES;
				SWIFT_VERSION = 5.0;
				TARGETED_DEVICE_FAMILY = "1,2";
			};
			name = Debug;
		};
		DE7738F2280D9E7700D48E46 /* Release */ = {
			isa = XCBuildConfiguration;
			buildSettings = {
				ASSETCATALOG_COMPILER_APPICON_NAME = AppIcon;
				ASSETCATALOG_COMPILER_GLOBAL_ACCENT_COLOR_NAME = AccentColor;
				CODE_SIGN_STYLE = Automatic;
				CURRENT_PROJECT_VERSION = 1;
				DEVELOPMENT_TEAM = 7CRNJ953YN;
				GENERATE_INFOPLIST_FILE = YES;
				INFOPLIST_FILE = "Contacts-App With CoreData/Info.plist";
				INFOPLIST_KEY_UIApplicationSupportsIndirectInputEvents = YES;
				INFOPLIST_KEY_UILaunchStoryboardName = LaunchScreen;
				INFOPLIST_KEY_UIMainStoryboardFile = Main;
				INFOPLIST_KEY_UISupportedInterfaceOrientations_iPad = "UIInterfaceOrientationPortrait UIInterfaceOrientationPortraitUpsideDown UIInterfaceOrientationLandscapeLeft UIInterfaceOrientationLandscapeRight";
				INFOPLIST_KEY_UISupportedInterfaceOrientations_iPhone = "UIInterfaceOrientationPortrait UIInterfaceOrientationLandscapeLeft UIInterfaceOrientationLandscapeRight";
				LD_RUNPATH_SEARCH_PATHS = (
					"$(inherited)",
					"@executable_path/Frameworks",
				);
				MARKETING_VERSION = 1.0;
				PRODUCT_BUNDLE_IDENTIFIER = "com.omerKilicaslan.Contacts-App-With-CoreData";
				PRODUCT_NAME = "$(TARGET_NAME)";
				SWIFT_EMIT_LOC_STRINGS = YES;
				SWIFT_VERSION = 5.0;
				TARGETED_DEVICE_FAMILY = "1,2";
			};
			name = Release;
		};
		DE7738F4280D9E7700D48E46 /* Debug */ = {
			isa = XCBuildConfiguration;
			buildSettings = {
				ALWAYS_EMBED_SWIFT_STANDARD_LIBRARIES = YES;
				BUNDLE_LOADER = "$(TEST_HOST)";
				CODE_SIGN_STYLE = Automatic;
				CURRENT_PROJECT_VERSION = 1;
				DEVELOPMENT_TEAM = 7CRNJ953YN;
				GENERATE_INFOPLIST_FILE = YES;
				IPHONEOS_DEPLOYMENT_TARGET = 15.2;
				MARKETING_VERSION = 1.0;
				PRODUCT_BUNDLE_IDENTIFIER = "com.omerKilicaslan.Contacts-App-With-CoreDataTests";
				PRODUCT_NAME = "$(TARGET_NAME)";
				SWIFT_EMIT_LOC_STRINGS = NO;
				SWIFT_VERSION = 5.0;
				TARGETED_DEVICE_FAMILY = "1,2";
				TEST_HOST = "$(BUILT_PRODUCTS_DIR)/Contacts-App With CoreData.app/Contacts-App With CoreData";
			};
			name = Debug;
		};
		DE7738F5280D9E7700D48E46 /* Release */ = {
			isa = XCBuildConfiguration;
			buildSettings = {
				ALWAYS_EMBED_SWIFT_STANDARD_LIBRARIES = YES;
				BUNDLE_LOADER = "$(TEST_HOST)";
				CODE_SIGN_STYLE = Automatic;
				CURRENT_PROJECT_VERSION = 1;
				DEVELOPMENT_TEAM = 7CRNJ953YN;
				GENERATE_INFOPLIST_FILE = YES;
				IPHONEOS_DEPLOYMENT_TARGET = 15.2;
				MARKETING_VERSION = 1.0;
				PRODUCT_BUNDLE_IDENTIFIER = "com.omerKilicaslan.Contacts-App-With-CoreDataTests";
				PRODUCT_NAME = "$(TARGET_NAME)";
				SWIFT_EMIT_LOC_STRINGS = NO;
				SWIFT_VERSION = 5.0;
				TARGETED_DEVICE_FAMILY = "1,2";
				TEST_HOST = "$(BUILT_PRODUCTS_DIR)/Contacts-App With CoreData.app/Contacts-App With CoreData";
			};
			name = Release;
		};
		DE7738F7280D9E7700D48E46 /* Debug */ = {
			isa = XCBuildConfiguration;
			buildSettings = {
				ALWAYS_EMBED_SWIFT_STANDARD_LIBRARIES = YES;
				CODE_SIGN_STYLE = Automatic;
				CURRENT_PROJECT_VERSION = 1;
				DEVELOPMENT_TEAM = 7CRNJ953YN;
				GENERATE_INFOPLIST_FILE = YES;
				MARKETING_VERSION = 1.0;
				PRODUCT_BUNDLE_IDENTIFIER = "com.omerKilicaslan.Contacts-App-With-CoreDataUITests";
				PRODUCT_NAME = "$(TARGET_NAME)";
				SWIFT_EMIT_LOC_STRINGS = NO;
				SWIFT_VERSION = 5.0;
				TARGETED_DEVICE_FAMILY = "1,2";
				TEST_TARGET_NAME = "Contacts-App With CoreData";
			};
			name = Debug;
		};
		DE7738F8280D9E7700D48E46 /* Release */ = {
			isa = XCBuildConfiguration;
			buildSettings = {
				ALWAYS_EMBED_SWIFT_STANDARD_LIBRARIES = YES;
				CODE_SIGN_STYLE = Automatic;
				CURRENT_PROJECT_VERSION = 1;
				DEVELOPMENT_TEAM = 7CRNJ953YN;
				GENERATE_INFOPLIST_FILE = YES;
				MARKETING_VERSION = 1.0;
				PRODUCT_BUNDLE_IDENTIFIER = "com.omerKilicaslan.Contacts-App-With-CoreDataUITests";
				PRODUCT_NAME = "$(TARGET_NAME)";
				SWIFT_EMIT_LOC_STRINGS = NO;
				SWIFT_VERSION = 5.0;
				TARGETED_DEVICE_FAMILY = "1,2";
				TEST_TARGET_NAME = "Contacts-App With CoreData";
			};
			name = Release;
		};
/* End XCBuildConfiguration section */

/* Begin XCConfigurationList section */
		DE7738BE280D9E7400D48E46 /* Build configuration list for PBXProject "Contacts-App With CoreData" */ = {
			isa = XCConfigurationList;
			buildConfigurations = (
				DE7738EE280D9E7700D48E46 /* Debug */,
				DE7738EF280D9E7700D48E46 /* Release */,
			);
			defaultConfigurationIsVisible = 0;
			defaultConfigurationName = Release;
		};
		DE7738F0280D9E7700D48E46 /* Build configuration list for PBXNativeTarget "Contacts-App With CoreData" */ = {
			isa = XCConfigurationList;
			buildConfigurations = (
				DE7738F1280D9E7700D48E46 /* Debug */,
				DE7738F2280D9E7700D48E46 /* Release */,
			);
			defaultConfigurationIsVisible = 0;
			defaultConfigurationName = Release;
		};
		DE7738F3280D9E7700D48E46 /* Build configuration list for PBXNativeTarget "Contacts-App With CoreDataTests" */ = {
			isa = XCConfigurationList;
			buildConfigurations = (
				DE7738F4280D9E7700D48E46 /* Debug */,
				DE7738F5280D9E7700D48E46 /* Release */,
			);
			defaultConfigurationIsVisible = 0;
			defaultConfigurationName = Release;
		};
		DE7738F6280D9E7700D48E46 /* Build configuration list for PBXNativeTarget "Contacts-App With CoreDataUITests" */ = {
			isa = XCConfigurationList;
			buildConfigurations = (
				DE7738F7280D9E7700D48E46 /* Debug */,
				DE7738F8280D9E7700D48E46 /* Release */,
			);
			defaultConfigurationIsVisible = 0;
			defaultConfigurationName = Release;
		};
/* End XCConfigurationList section */

/* Begin XCVersionGroup section */
		DE7738CF280D9E7400D48E46 /* Contacts_App_With_CoreData.xcdatamodeld */ = {
			isa = XCVersionGroup;
			children = (
				DE7738D0280D9E7400D48E46 /* Contacts_App_With_CoreData.xcdatamodel */,
			);
			currentVersion = DE7738D0280D9E7400D48E46 /* Contacts_App_With_CoreData.xcdatamodel */;
			path = Contacts_App_With_CoreData.xcdatamodeld;
			sourceTree = "<group>";
			versionGroupType = wrapper.xcdatamodel;
		};
/* End XCVersionGroup section */
	};
	rootObject = DE7738BB280D9E7400D48E46 /* Project object */;
}
